Microsoft Visual Studio Solution File, Format Version 11.00
# Visual Studio 2008

Project("{3B36C6E7-516D-4C28-8680-B6456E84813F}") = "AIMovment", "Assembly-CSharp.csproj", "{7886B6F0-3A48-843E-90E1-07926A42DD0E}"
EndProject
Global
	GlobalSection(SolutionConfigurationPlatforms) = preSolution
		Debug|Any CPU = Debug|Any CPU
		Release|Any CPU = Release|Any CPU
	EndGlobalSection
	GlobalSection(ProjectConfigurationPlatforms) = postSolution
		{7886B6F0-3A48-843E-90E1-07926A42DD0E}.Debug|Any CPU.ActiveCfg = Debug|Any CPU
		{7886B6F0-3A48-843E-90E1-07926A42DD0E}.Debug|Any CPU.Build.0 = Debug|Any CPU
		{7886B6F0-3A48-843E-90E1-07926A42DD0E}.Release|Any CPU.ActiveCfg = Release|Any CPU
		{7886B6F0-3A48-843E-90E1-07926A42DD0E}.Release|Any CPU.Build.0 = Release|Any CPU
	EndGlobalSection
	GlobalSection(SolutionProperties) = preSolution
		HideSolutionNode = FALSE
	EndGlobalSection
	GlobalSection(MonoDevelopProperties) = preSolution
		StartupItem = Assembly-CSharp.csproj
	EndGlobalSection
EndGlobal
